
Microsoft Visual Studio Solution File, Format Version 12.00
# Visual Studio Version 16
VisualStudioVersion = 16.0.31129.286
MinimumVisualStudioVersion = 10.0.40219.1
Project("{9A19103F-16F7-4668-BE54-9A1E7A4F7556}") = "AnimalAdoption.API", "AnimalAdoption.API\AnimalAdoption.API.csproj", "{B95E1644-48E9-4D06-B881-2F42EF992422}"
EndProject
Project("{9A19103F-16F7-4668-BE54-9A1E7A4F7556}") = "AnimalAdoption.MVC", "AnimalAdoption.MVC\AnimalAdoption.MVC.csproj", "{253B7C3E-C356-4FC6-B9AB-E788C0A60B07}"
EndProject
Project("{FAE04EC0-301F-11D3-BF4B-00C04F79EFBC}") = "AnimalAdoption.DAL", "AnimalAdoption.DAL\AnimalAdoption.DAL.csproj", "{D21F5602-CF1D-42B1-8D46-ABE56061EAB5}"
EndProject
Global
	GlobalSection(SolutionConfigurationPlatforms) = preSolution
		Debug|Any CPU = Debug|Any CPU
		Release|Any CPU = Release|Any CPU
	EndGlobalSection
	GlobalSection(ProjectConfigurationPlatforms) = postSolution
		{B95E1644-48E9-4D06-B881-2F42EF992422}.Debug|Any CPU.ActiveCfg = Debug|Any CPU
		{B95E1644-48E9-4D06-B881-2F42EF992422}.Debug|Any CPU.Build.0 = Debug|Any CPU
		{B95E1644-48E9-4D06-B881-2F42EF992422}.Release|Any CPU.ActiveCfg = Release|Any CPU
		{B95E1644-48E9-4D06-B881-2F42EF992422}.Release|Any CPU.Build.0 = Release|Any CPU
		{253B7C3E-C356-4FC6-B9AB-E788C0A60B07}.Debug|Any CPU.ActiveCfg = Debug|Any CPU
		{253B7C3E-C356-4FC6-B9AB-E788C0A60B07}.Debug|Any CPU.Build.0 = Debug|Any CPU
		{253B7C3E-C356-4FC6-B9AB-E788C0A60B07}.Release|Any CPU.ActiveCfg = Release|Any CPU
		{253B7C3E-C356-4FC6-B9AB-E788C0A60B07}.Release|Any CPU.Build.0 = Release|Any CPU
		{D21F5602-CF1D-42B1-8D46-ABE56061EAB5}.Debug|Any CPU.ActiveCfg = Debug|Any CPU
		{D21F5602-CF1D-42B1-8D46-ABE56061EAB5}.Debug|Any CPU.Build.0 = Debug|Any CPU
		{D21F5602-CF1D-42B1-8D46-ABE56061EAB5}.Release|Any CPU.ActiveCfg = Release|Any CPU
		{D21F5602-CF1D-42B1-8D46-ABE56061EAB5}.Release|Any CPU.Build.0 = Release|Any CPU
	EndGlobalSection
	GlobalSection(SolutionProperties) = preSolution
		HideSolutionNode = FALSE
	EndGlobalSection
	GlobalSection(ExtensibilityGlobals) = postSolution
		SolutionGuid = {A27E85DD-1C6C-4E32-9B2A-132171501A2C}
	EndGlobalSection
EndGlobal
