
Microsoft Visual Studio Solution File, Format Version 12.00
# Visual Studio Version 16
VisualStudioVersion = 16.0.31129.286
MinimumVisualStudioVersion = 10.0.40219.1
Project("{9A19103F-16F7-4668-BE54-9A1E7A4F7556}") = "LearningIdentity", "LearningIdentity\LearningIdentity.csproj", "{38445DAF-64C9-4459-9AF4-FB72369922EC}"
EndProject
Project("{FAE04EC0-301F-11D3-BF4B-00C04F79EFBC}") = "IdentityAPI", "IdentityAPI\IdentityAPI.csproj", "{47A7710A-25CA-4056-B64C-2A84AF60E388}"
EndProject
Global
	GlobalSection(SolutionConfigurationPlatforms) = preSolution
		Debug|Any CPU = Debug|Any CPU
		Release|Any CPU = Release|Any CPU
	EndGlobalSection
	GlobalSection(ProjectConfigurationPlatforms) = postSolution
		{38445DAF-64C9-4459-9AF4-FB72369922EC}.Debug|Any CPU.ActiveCfg = Debug|Any CPU
		{38445DAF-64C9-4459-9AF4-FB72369922EC}.Debug|Any CPU.Build.0 = Debug|Any CPU
		{38445DAF-64C9-4459-9AF4-FB72369922EC}.Release|Any CPU.ActiveCfg = Release|Any CPU
		{38445DAF-64C9-4459-9AF4-FB72369922EC}.Release|Any CPU.Build.0 = Release|Any CPU
		{47A7710A-25CA-4056-B64C-2A84AF60E388}.Debug|Any CPU.ActiveCfg = Debug|Any CPU
		{47A7710A-25CA-4056-B64C-2A84AF60E388}.Debug|Any CPU.Build.0 = Debug|Any CPU
		{47A7710A-25CA-4056-B64C-2A84AF60E388}.Release|Any CPU.ActiveCfg = Release|Any CPU
		{47A7710A-25CA-4056-B64C-2A84AF60E388}.Release|Any CPU.Build.0 = Release|Any CPU
	EndGlobalSection
	GlobalSection(SolutionProperties) = preSolution
		HideSolutionNode = FALSE
	EndGlobalSection
	GlobalSection(ExtensibilityGlobals) = postSolution
		SolutionGuid = {A27E85DD-1C6C-4E32-9B2A-132171501A2C}
	EndGlobalSection
EndGlobal
